{
  "version": 4,
  "terraform_version": "1.3.3",
  "serial": 198,
  "lineage": "8f0cb83f-7bba-6a5d-1dbf-508bd63c053a",
  "outputs": {},
  "resources": [
    {
      "module": "module.avi",
      "mode": "data",
      "type": "avi_applicationprofile",
      "name": "http_profile",
      "provider": "module.avi.provider[\"registry.terraform.io/vmware/avi\"]",
      "instances": [
        {
          "schema_version": 0,
          "attributes": {
            "app_service_type": null,
            "cloud_config_cksum": null,
            "configpb_attributes": [],
            "created_by": null,
            "description": null,
            "dns_service_profile": [],
            "dos_rl_profile": [],
            "http_profile": [
              {
                "allow_dots_in_header_name": "",
                "cache_config": [
                  {
                    "age_header": "",
                    "aggressive": "",
                    "date_header": "",
                    "default_expire": "",
                    "enabled": "",
                    "heuristic_expire": "",
                    "ignore_request_cache_control": "",
                    "max_cache_size": "",
                    "max_object_size": "",
                    "mime_types_block_group_refs": [],
                    "mime_types_block_lists": [],
                    "mime_types_group_refs": [
                      "https://192.168.110.79/api/stringgroup/stringgroup-4efb46ff-5ad9-414a-9b30-8524d98be91e"
                    ],
                    "mime_types_list": [],
                    "min_object_size": "",
                    "query_cacheable": "",
                    "uri_non_cacheable": [],
                    "xcache_header": ""
                  }
                ],
                "client_body_timeout": "",
                "client_header_timeout": "",
                "client_max_body_size": "",
                "client_max_header_size": "",
                "client_max_request_size": "",
                "collect_client_tls_fingerprint": "",
                "compression_profile": [
                  {
                    "buf_num": "",
                    "buf_size": "",
                    "compressible_content_ref": "https://192.168.110.79/api/stringgroup/stringgroup-b9a2f02a-ce74-4335-8aef-6457296257b5",
                    "compression": "false",
                    "filter": [],
                    "hash_size": "",
                    "level_aggressive": "",
                    "level_normal": "",
                    "max_low_rtt": "",
                    "min_high_rtt": "",
                    "min_length": "",
                    "mobile_str_ref": "https://192.168.110.79/api/stringgroup/stringgroup-380029cb-b335-403e-af9d-1d05652e0399",
                    "remove_accept_encoding_header": "true",
                    "type": "AUTO_COMPRESSION",
                    "window_size": ""
                  }
                ],
                "connection_multiplexing_enabled": "",
                "detect_ntlm_app": "",
                "disable_keepalive_posts_msie6": "",
                "disable_sni_hostname_check": "",
                "enable_chunk_merge": "",
                "enable_fire_and_forget": "",
                "enable_request_body_buffering": "",
                "enable_request_body_metrics": "",
                "fwd_close_hdr_for_bound_connections": "",
                "hsts_enabled": "",
                "hsts_max_age": "",
                "hsts_subdomains_enabled": "",
                "http2_profile": [],
                "http_to_https": "",
                "http_upstream_buffer_size": "",
                "httponly_enabled": "",
                "keepalive_header": "",
                "keepalive_timeout": "",
                "max_bad_rps_cip": "",
                "max_bad_rps_cip_uri": "",
                "max_bad_rps_uri": "",
                "max_header_count": "",
                "max_keepalive_requests": "",
                "max_response_headers_size": "",
                "max_rps_cip": "",
                "max_rps_cip_uri": "",
                "max_rps_unknown_cip": "",
                "max_rps_unknown_uri": "",
                "max_rps_uri": "",
                "pass_through_x_accel_headers": "",
                "pki_profile_ref": "",
                "post_accept_timeout": "",
                "reset_conn_http_on_ssl_port": "",
                "respond_with_100_continue": "",
                "secure_cookie_enabled": "",
                "server_side_redirect_to_https": "",
                "ssl_client_certificate_action": [],
                "ssl_client_certificate_mode": "",
                "true_client_ip": [],
                "use_app_keepalive_timeout": "",
                "use_true_client_ip": "",
                "websockets_enabled": "",
                "x_forwarded_proto_enabled": "",
                "xff_alternate_name": "",
                "xff_enabled": ""
              }
            ],
            "id": "https://192.168.110.79/api/applicationprofile/applicationprofile-994585c6-5ecc-4069-a596-a74f6171b464",
            "l4_ssl_profile": [],
            "markers": null,
            "name": "System-HTTP",
            "preserve_client_ip": null,
            "preserve_client_port": null,
            "preserve_dest_ip_port": null,
            "sip_service_profile": [],
            "tcp_app_profile": [],
            "tenant_ref": "https://192.168.110.79/api/tenant/admin",
            "type": "APPLICATION_PROFILE_TYPE_HTTP",
            "uuid": "applicationprofile-994585c6-5ecc-4069-a596-a74f6171b464"
          },
          "sensitive_attributes": []
        }
      ]
    },
    {
      "module": "module.avi",
      "mode": "data",
      "type": "avi_cloud",
      "name": "cloud",
      "provider": "module.avi.provider[\"registry.terraform.io/vmware/avi\"]",
      "instances": [
        {
          "schema_version": 0,
          "attributes": {
            "autoscale_polling_interval": null,
            "aws_configuration": [],
            "azure_configuration": [],
            "cloudstack_configuration": [],
            "configpb_attributes": [],
            "custom_tags": null,
            "dhcp_enabled": null,
            "dns_provider_ref": null,
            "dns_resolution_on_se": null,
            "dns_resolvers": null,
            "docker_configuration": [],
            "east_west_dns_provider_ref": null,
            "east_west_ipam_provider_ref": null,
            "enable_vip_on_all_interfaces": null,
            "enable_vip_static_routes": null,
            "gcp_configuration": [],
            "id": "https://192.168.110.79/api/cloud/cloud-e5b3a667-f625-48e6-9117-dba8a9d7faac",
            "ip6_autocfg_enabled": null,
            "ipam_provider_ref": "https://192.168.110.79/api/ipamdnsproviderprofile/ipamdnsproviderprofile-3d65fa78-0e80-4a94-94de-316809939106",
            "license_tier": "ENTERPRISE",
            "license_type": "LIC_CORES",
            "linuxserver_configuration": [],
            "maintenance_mode": null,
            "markers": null,
            "metrics_polling_interval": null,
            "mtu": null,
            "name": "NSX-Cloud",
            "nsxt_configuration": [
              {
                "automate_dfw_rules": "",
                "data_network_config": [
                  {
                    "tier1_segment_config": [
                      {
                        "automatic": [],
                        "manual": [
                          {
                            "tier1_lrs": [
                              {
                                "locale_service": "",
                                "segment_id": "/infra/segments/avi-data",
                                "tier1_lr_id": "/infra/tier-1s/t1-01"
                              }
                            ]
                          }
                        ],
                        "segment_config_mode": ""
                      }
                    ],
                    "transport_zone": "/infra/sites/default/enforcement-points/default/transport-zones/1b3a2f36-bfd1-443e-a0f6-4de01abc963e",
                    "tz_type": "OVERLAY",
                    "vlan_segments": []
                  }
                ],
                "domain_id": "",
                "enforcementpoint_id": "",
                "management_network_config": [
                  {
                    "overlay_segment": [
                      {
                        "locale_service": "",
                        "segment_id": "/infra/segments/avi-mgm",
                        "tier1_lr_id": "/infra/tier-1s/t1-01"
                      }
                    ],
                    "transport_zone": "/infra/sites/default/enforcement-points/default/transport-zones/1b3a2f36-bfd1-443e-a0f6-4de01abc963e",
                    "tz_type": "OVERLAY",
                    "vlan_segment": ""
                  }
                ],
                "nsxt_credentials_ref": "https://192.168.110.79/api/cloudconnectoruser/cloudconnectoruser-7819ef49-96a3-4c38-9840-4fb32fb83bc5",
                "nsxt_url": "nsx-mgr-01a.corp.local",
                "site_id": ""
              }
            ],
            "ntp_configuration": [],
            "obj_name_prefix": "nsx",
            "openstack_configuration": [],
            "prefer_static_routes": null,
            "proxy_configuration": [],
            "rancher_configuration": [],
            "se_group_template_ref": null,
            "state_based_dns_registration": null,
            "tenant_ref": "https://192.168.110.79/api/tenant/admin",
            "uuid": "cloud-e5b3a667-f625-48e6-9117-dba8a9d7faac",
            "vca_configuration": [],
            "vcenter_configuration": [],
            "vmc_deployment": null,
            "vtype": "CLOUD_NSXT"
          },
          "sensitive_attributes": []
        }
      ]
    },
    {
      "module": "module.avi",
      "mode": "data",
      "type": "avi_healthmonitor",
      "name": "http-healthmonitor",
      "provider": "module.avi.provider[\"registry.terraform.io/vmware/avi\"]",
      "instances": [
        {
          "schema_version": 0,
          "attributes": {
            "allow_duplicate_monitors": null,
            "authentication": [],
            "configpb_attributes": [],
            "description": null,
            "disable_quickstart": null,
            "dns_monitor": [],
            "external_monitor": [],
            "failed_checks": "3",
            "ftp_monitor": [],
            "ftps_monitor": [],
            "http_monitor": [
              {
                "auth_type": "",
                "exact_http_request": "",
                "http_request": "HEAD / HTTP/1.0",
                "http_request_body": "",
                "http_response": "",
                "http_response_code": [
                  "HTTP_2XX",
                  "HTTP_3XX"
                ],
                "maintenance_code": [],
                "maintenance_response": "",
                "response_size": "",
                "ssl_attributes": []
              }
            ],
            "https_monitor": [],
            "id": "https://192.168.110.79/api/healthmonitor/healthmonitor-e8452b23-247f-4991-bbcd-1792da6d3299",
            "imap_monitor": [],
            "imaps_monitor": [],
            "is_federated": null,
            "ldap_monitor": [],
            "ldaps_monitor": [],
            "markers": null,
            "monitor_port": null,
            "name": "System-HTTP",
            "pop3_monitor": [],
            "pop3s_monitor": [],
            "radius_monitor": [],
            "receive_timeout": null,
            "send_interval": null,
            "sip_monitor": [],
            "smtp_monitor": [],
            "smtps_monitor": [],
            "successful_checks": "3",
            "tcp_monitor": [],
            "tenant_ref": "https://192.168.110.79/api/tenant/admin",
            "type": "HEALTH_MONITOR_HTTP",
            "udp_monitor": [],
            "uuid": "healthmonitor-e8452b23-247f-4991-bbcd-1792da6d3299"
          },
          "sensitive_attributes": []
        }
      ]
    },
    {
      "module": "module.avi",
      "mode": "data",
      "type": "avi_networkprofile",
      "name": "tcp_proxy",
      "provider": "module.avi.provider[\"registry.terraform.io/vmware/avi\"]",
      "instances": [
        {
          "schema_version": 0,
          "attributes": {
            "configpb_attributes": [],
            "connection_mirror": null,
            "description": null,
            "id": "https://192.168.110.79/api/networkprofile/networkprofile-ec140acc-8002-42c7-a43e-78f3971592d5",
            "markers": null,
            "name": "System-TCP-Proxy",
            "profile": [
              {
                "tcp_fast_path_profile": [],
                "tcp_proxy_profile": [],
                "type": "PROTOCOL_TYPE_TCP_PROXY",
                "udp_fast_path_profile": [],
                "udp_proxy_profile": []
              }
            ],
            "tenant_ref": "https://192.168.110.79/api/tenant/admin",
            "uuid": "networkprofile-ec140acc-8002-42c7-a43e-78f3971592d5"
          },
          "sensitive_attributes": []
        }
      ]
    },
    {
      "module": "module.avi",
      "mode": "data",
      "type": "avi_serviceenginegroup",
      "name": "se_group",
      "provider": "module.avi.provider[\"registry.terraform.io/vmware/avi\"]",
      "instances": [
        {
          "schema_version": 0,
          "attributes": {
            "accelerated_networking": "true",
            "active_standby": null,
            "aggressive_failure_detection": null,
            "algo": "PLACEMENT_ALGO_DISTRIBUTED",
            "allow_burst": null,
            "app_cache_percent": null,
            "app_cache_threshold": null,
            "app_learning_memory_percent": null,
            "archive_shm_limit": null,
            "async_ssl": null,
            "async_ssl_threads": null,
            "auto_rebalance": null,
            "auto_rebalance_capacity_per_se": null,
            "auto_rebalance_criteria": null,
            "auto_rebalance_interval": null,
            "auto_redistribute_active_standby_load": null,
            "availability_zone_refs": null,
            "baremetal_dispatcher_handles_flows": null,
            "bgp_peer_monitor_failover_enabled": null,
            "bgp_state_update_interval": null,
            "buffer_se": "0",
            "cloud_ref": "https://192.168.110.79/api/cloud/cloud-e5b3a667-f625-48e6-9117-dba8a9d7faac",
            "compress_ip_rules_for_each_ns_subnet": null,
            "config_debugs_on_all_cores": null,
            "configpb_attributes": [],
            "connection_memory_percentage": null,
            "core_shm_app_cache": null,
            "core_shm_app_learning": null,
            "cpu_reserve": "true",
            "cpu_socket_affinity": null,
            "custom_securitygroups_data": null,
            "custom_securitygroups_mgmt": null,
            "custom_tag": null,
            "data_network_id": null,
            "datascript_timeout": null,
            "deactivate_ipv6_discovery": null,
            "deactivate_kni_filtering_at_dispatcher": null,
            "dedicated_dispatcher_core": null,
            "description": null,
            "disable_avi_securitygroups": null,
            "disable_csum_offloads": null,
            "disable_flow_probes": null,
            "disable_gro": null,
            "disable_se_memory_check": null,
            "disable_tso": null,
            "disk_per_se": null,
            "distribute_load_active_standby": null,
            "distribute_queues": null,
            "distribute_vnics": null,
            "downstream_send_timeout": null,
            "dp_aggressive_deq_interval_msec": null,
            "dp_aggressive_enq_interval_msec": null,
            "dp_aggressive_hb_frequency": null,
            "dp_aggressive_hb_timeout_count": null,
            "dp_deq_interval_msec": null,
            "dp_enq_interval_msec": null,
            "dp_hb_frequency": null,
            "dp_hb_timeout_count": null,
            "dpdk_gro_timeout_interval": null,
            "enable_gratarp_permanent": null,
            "enable_hsm_log": null,
            "enable_hsm_priming": null,
            "enable_multi_lb": null,
            "enable_pcap_tx_ring": null,
            "ephemeral_portrange_end": null,
            "ephemeral_portrange_start": null,
            "extra_config_multiplier": null,
            "extra_shared_config_memory": null,
            "flow_table_new_syn_max_entries": null,
            "free_list_size": null,
            "gcp_config": [],
            "gratarp_permanent_periodicity": null,
            "grpc_channel_connect_timeout": null,
            "ha_mode": "HA_MODE_SHARED_PAIR",
            "handle_per_pkt_attack": null,
            "hardwaresecuritymodulegroup_ref": null,
            "heap_minimum_config_memory": null,
            "hm_on_standby": null,
            "host_attribute_key": null,
            "host_attribute_value": null,
            "host_gateway_monitor": null,
            "http_rum_console_log": null,
            "http_rum_min_content_length": null,
            "hybrid_rss_mode": null,
            "hypervisor": null,
            "id": "https://192.168.110.79/api/serviceenginegroup/serviceenginegroup-e710a76a-9a65-4aed-af15-05ddf8ac5b09",
            "ignore_docker_mac_change": null,
            "ignore_rtt_threshold": null,
            "ingress_access_data": null,
            "ingress_access_mgmt": null,
            "instance_flavor": null,
            "instance_flavor_info": [],
            "iptables": null,
            "kni_allowed_server_ports": null,
            "l7_conns_per_core": null,
            "l7_resvd_listen_conns_per_core": null,
            "labels": null,
            "lbaction_num_requests_to_dispatch": null,
            "lbaction_rq_per_request_max_retries": null,
            "least_load_core_selection": null,
            "license_tier": "ENTERPRISE",
            "license_type": "LIC_CORES",
            "log_agent_compress_logs": null,
            "log_agent_debug_enabled": null,
            "log_agent_file_sz_appl": null,
            "log_agent_file_sz_conn": null,
            "log_agent_file_sz_debug": null,
            "log_agent_file_sz_event": null,
            "log_agent_log_storage_min_sz": null,
            "log_agent_max_concurrent_rsync": null,
            "log_agent_max_storage_excess_percent": null,
            "log_agent_max_storage_ignore_percent": null,
            "log_agent_min_storage_per_vs": null,
            "log_agent_sleep_interval": null,
            "log_agent_trace_enabled": null,
            "log_agent_unknown_vs_timer": null,
            "log_disksz": null,
            "log_malloc_failure": null,
            "log_message_max_file_list_size": null,
            "markers": null,
            "max_concurrent_external_hm": null,
            "max_cpu_usage": null,
            "max_memory_per_mempool": null,
            "max_num_se_dps": null,
            "max_public_ips_per_lb": null,
            "max_queues_per_vnic": null,
            "max_rules_per_lb": null,
            "max_scaleout_per_vs": null,
            "max_se": "2",
            "max_skb_frags": null,
            "max_vs_per_se": "200",
            "mem_reserve": null,
            "memory_for_config_update": null,
            "memory_per_se": "4096",
            "mgmt_network_ref": null,
            "mgmt_subnet": [],
            "min_cpu_usage": null,
            "min_scaleout_per_vs": "2",
            "min_se": null,
            "minimum_connection_memory": null,
            "n_log_streaming_threads": null,
            "name": "NSX-Cloud-SEG-01",
            "netlink_poller_threads": null,
            "netlink_sock_buf_size": null,
            "ngx_free_connection_stack": null,
            "non_significant_log_throttle": null,
            "ns_helper_deq_interval_msec": null,
            "ntp_sync_fail_event": null,
            "ntp_sync_status_interval": null,
            "num_dispatcher_cores": null,
            "num_dispatcher_queues": null,
            "num_flow_cores_sum_changes_to_ignore": null,
            "objsync_config": [],
            "objsync_port": null,
            "openstack_availability_zones": null,
            "openstack_mgmt_network_name": null,
            "openstack_mgmt_network_uuid": null,
            "os_reserved_memory": null,
            "pcap_tx_mode": null,
            "pcap_tx_ring_rd_balancing_factor": null,
            "per_app": null,
            "per_vs_admission_control": null,
            "placement_mode": null,
            "realtime_se_metrics": [
              {
                "duration": "",
                "enabled": "false"
              }
            ],
            "reboot_on_panic": null,
            "resync_time_interval": null,
            "sdb_flush_interval": null,
            "sdb_pipeline_size": null,
            "sdb_scan_count": null,
            "se_bandwidth_type": "SE_BANDWIDTH_UNLIMITED",
            "se_delayed_flow_delete": null,
            "se_deprovision_delay": null,
            "se_dos_profile": [
              {
                "thresh_info": [],
                "thresh_period": "5"
              }
            ],
            "se_dp_hm_drops": null,
            "se_dp_if_state_poll_interval": null,
            "se_dp_isolation": null,
            "se_dp_isolation_num_non_dp_cpus": null,
            "se_dp_log_nf_enqueue_percent": null,
            "se_dp_log_udf_enqueue_percent": null,
            "se_dp_max_hb_version": null,
            "se_dp_vnic_queue_stall_event_sleep": null,
            "se_dp_vnic_queue_stall_threshold": null,
            "se_dp_vnic_queue_stall_timeout": null,
            "se_dp_vnic_restart_on_queue_stall_count": null,
            "se_dp_vnic_stall_se_restart_window": null,
            "se_dpdk_pmd": null,
            "se_dump_core_on_assert": null,
            "se_emulated_cores": null,
            "se_flow_probe_retries": null,
            "se_flow_probe_retry_timer": null,
            "se_group_analytics_policy": [],
            "se_hyperthreaded_mode": null,
            "se_ip_encap_ipc": null,
            "se_kni_burst_factor": null,
            "se_l3_encap_ipc": null,
            "se_log_buffer_app_blocking_dequeue": null,
            "se_log_buffer_conn_blocking_dequeue": null,
            "se_log_buffer_events_blocking_dequeue": null,
            "se_lro": null,
            "se_mp_ring_retry_count": null,
            "se_mtu": null,
            "se_name_prefix": "avi",
            "se_packet_buffer_max": null,
            "se_pcap_lookahead": null,
            "se_pcap_pkt_count": null,
            "se_pcap_pkt_sz": null,
            "se_pcap_qdisc_bypass": null,
            "se_pcap_reinit_frequency": null,
            "se_pcap_reinit_threshold": null,
            "se_probe_port": null,
            "se_rl_prop": [],
            "se_rum_sampling_nav_interval": null,
            "se_rum_sampling_nav_percent": null,
            "se_rum_sampling_res_interval": null,
            "se_rum_sampling_res_percent": null,
            "se_sb_dedicated_core": null,
            "se_sb_threads": null,
            "se_thread_multiplier": null,
            "se_time_tracker_props": [],
            "se_tracert_port_range": [],
            "se_tunnel_mode": null,
            "se_tunnel_udp_port": null,
            "se_tx_batch_size": null,
            "se_txq_threshold": null,
            "se_udp_encap_ipc": null,
            "se_use_dpdk": null,
            "se_vnic_tx_sw_queue_flush_frequency": null,
            "se_vnic_tx_sw_queue_size": null,
            "se_vs_hb_max_pkts_in_batch": null,
            "se_vs_hb_max_vs_in_pkt": null,
            "self_se_election": "true",
            "send_se_ready_timeout": null,
            "service_ip6_subnets": null,
            "service_ip_subnets": null,
            "shm_minimum_config_memory": null,
            "significant_log_throttle": null,
            "ssl_preprocess_sni_hostname": null,
            "ssl_sess_cache_per_vs": null,
            "tenant_ref": "https://192.168.110.79/api/tenant/admin",
            "transient_shared_memory_max": null,
            "udf_log_throttle": null,
            "upstream_connect_timeout": null,
            "upstream_connpool_enable": null,
            "upstream_read_timeout": null,
            "upstream_send_timeout": null,
            "use_hyperthreaded_cores": null,
            "use_legacy_netlink": null,
            "use_objsync": null,
            "use_standard_alb": null,
            "user_agent_cache_config": [],
            "user_defined_metric_age": null,
            "uuid": "serviceenginegroup-e710a76a-9a65-4aed-af15-05ddf8ac5b09",
            "vcenter_clusters": [],
            "vcenter_datastore_mode": null,
            "vcenter_datastores": null,
            "vcenter_datastores_include": null,
            "vcenter_folder": null,
            "vcenter_hosts": [],
            "vcenter_parking_vnic_pg": null,
            "vcenters": [
              {
                "clusters": [],
                "nsxt_clusters": [
                  {
                    "cluster_ids": [
                      "domain-c17009"
                    ],
                    "include": "true"
                  }
                ],
                "nsxt_datastores": [
                  {
                    "ds_ids": [
                      "datastore-21025",
                      "datastore-17007"
                    ],
                    "include": "true"
                  }
                ],
                "nsxt_hosts": [],
                "vcenter_folder": "",
                "vcenter_ref": "https://192.168.110.79/api/vcenterserver/vcenterserver-ec763dab-7028-453b-9696-bda5b441668d"
              }
            ],
            "vcpus_per_se": null,
            "vip_asg": [],
            "vnic_dhcp_ip_check_interval": null,
            "vnic_dhcp_ip_max_retries": null,
            "vnic_ip_delete_interval": null,
            "vnic_probe_interval": null,
            "vnic_rpc_retry_interval": null,
            "vnicdb_cmd_history_size": null,
            "vs_host_redundancy": null,
            "vs_scalein_timeout": null,
            "vs_scalein_timeout_for_upgrade": null,
            "vs_scaleout_timeout": null,
            "vs_se_scaleout_additional_wait_time": null,
            "vs_se_scaleout_ready_timeout": null,
            "vs_switchover_timeout": null,
            "vss_placement": [],
            "vss_placement_enabled": null,
            "waf_mempool": null,
            "waf_mempool_size": null
          },
          "sensitive_attributes": []
        }
      ]
    },
    {
      "module": "module.avi",
      "mode": "data",
      "type": "avi_tenant",
      "name": "tenant",
      "provider": "module.avi.provider[\"registry.terraform.io/vmware/avi\"]",
      "instances": [
        {
          "schema_version": 0,
          "attributes": {
            "config_settings": [],
            "configpb_attributes": [],
            "created_by": null,
            "description": null,
            "enforce_label_group": null,
            "id": "https://192.168.110.79/api/tenant/admin",
            "label_group_refs": null,
            "local": null,
            "name": "admin",
            "uuid": "admin"
          },
          "sensitive_attributes": []
        }
      ]
    },
    {
      "module": "module.avi",
      "mode": "data",
      "type": "avi_vrfcontext",
      "name": "vrf",
      "provider": "module.avi.provider[\"registry.terraform.io/vmware/avi\"]",
      "instances": [
        {
          "schema_version": 0,
          "attributes": {
            "attrs": [
              {
                "key": "tier1path",
                "value": "/infra/tier-1s/t1-01"
              }
            ],
            "bfd_profile": [],
            "bgp_profile": [],
            "cloud_ref": "https://192.168.110.79/api/cloud/cloud-e5b3a667-f625-48e6-9117-dba8a9d7faac",
            "configpb_attributes": [],
            "debugvrfcontext": [],
            "description": null,
            "gateway_mon": null,
            "id": "https://192.168.110.79/api/vrfcontext/vrfcontext-e9b2ac5c-e4cd-460d-ae22-bd8bbff03107",
            "internal_gateway_monitor": [],
            "lldp_enable": null,
            "markers": null,
            "name": "t1-01",
            "static_routes": [
              {
                "disable_gateway_monitor": "",
                "if_name": "",
                "labels": [],
                "next_hop": [
                  {
                    "addr": "172.16.12.1",
                    "type": "V4"
                  }
                ],
                "prefix": [
                  {
                    "ip_addr": [
                      {
                        "addr": "0.0.0.0",
                        "type": "V4"
                      }
                    ],
                    "mask": "0"
                  }
                ],
                "route_id": "1"
              }
            ],
            "system_default": null,
            "tenant_ref": "https://192.168.110.79/api/tenant/admin",
            "uuid": "vrfcontext-e9b2ac5c-e4cd-460d-ae22-bd8bbff03107"
          },
          "sensitive_attributes": []
        }
      ]
    },
    {
      "module": "module.avi",
      "mode": "managed",
      "type": "avi_pool",
      "name": "pool",
      "provider": "module.avi.provider[\"registry.terraform.io/vmware/avi\"]",
      "instances": [
        {
          "schema_version": 0,
          "attributes": {
            "analytics_policy": [],
            "analytics_profile_ref": "https://192.168.110.79/api/analyticsprofile/analyticsprofile-ce7eb296-0d0c-406c-88dc-18119802bbbd",
            "append_port": "NON_DEFAULT_80_443",
            "application_persistence_profile_ref": null,
            "autoscale_launch_config_ref": null,
            "autoscale_networks": null,
            "autoscale_policy_ref": null,
            "capacity_estimation": "false",
            "capacity_estimation_ttfb_thresh": "0",
            "cloud_config_cksum": null,
            "cloud_ref": "https://192.168.110.79/api/cloud/cloud-e5b3a667-f625-48e6-9117-dba8a9d7faac",
            "configpb_attributes": [],
            "conn_pool_properties": [],
            "connection_ramp_duration": "10",
            "created_by": null,
            "default_server_port": "80",
            "delete_server_on_dns_refresh": "true",
            "description": null,
            "domain_name": null,
            "east_west": null,
            "enable_http2": "false",
            "enabled": "true",
            "external_autoscale_groups": null,
            "fail_action": [
              {
                "local_rsp": [],
                "redirect": [],
                "type": "FAIL_ACTION_CLOSE_CONN"
              }
            ],
            "fewest_tasks_feedback_delay": "10",
            "graceful_disable_timeout": "1",
            "gslb_sp_enabled": null,
            "health_monitor_refs": [
              "https://192.168.110.79/api/healthmonitor/healthmonitor-e8452b23-247f-4991-bbcd-1792da6d3299"
            ],
            "horizon_profile": [],
            "host_check_enabled": "false",
            "http2_properties": [],
            "id": "https://192.168.110.79/api/pool/pool-a944c98f-63f1-4397-95eb-489f04def599",
            "ignore_server_port": "false",
            "ignore_servers": false,
            "inline_health_monitor": "true",
            "ipaddrgroup_ref": null,
            "lb_algo_rr_per_se": "false",
            "lb_algorithm": "LB_ALGORITHM_LEAST_CONNECTIONS",
            "lb_algorithm_consistent_hash_hdr": null,
            "lb_algorithm_core_nonaffinity": "2",
            "lb_algorithm_hash": "LB_ALGORITHM_CONSISTENT_HASH_SOURCE_IP_ADDRESS",
            "lookup_server_by_name": "false",
            "markers": [],
            "max_concurrent_connections_per_server": "0",
            "max_conn_rate_per_server": [],
            "min_health_monitors_up": null,
            "min_servers_up": null,
            "name": "myvip-pool",
            "networks": [],
            "nsx_securitygroup": [
              "sg-myvip"
            ],
            "pki_profile_ref": null,
            "placement_networks": [],
            "pool_type": "POOL_TYPE_GENERIC_APP",
            "request_queue_depth": "128",
            "request_queue_enabled": "false",
            "resolve_pool_by_dns": null,
            "rewrite_host_header_to_server_name": "false",
            "rewrite_host_header_to_sni": "false",
            "routing_pool": "false",
            "server_disable_type": "DISALLOW_NEW_CONNECTION",
            "server_name": null,
            "server_reselect": [],
            "server_timeout": "0",
            "servers": [],
            "service_metadata": null,
            "sni_enabled": "true",
            "ssl_key_and_certificate_ref": null,
            "ssl_profile_ref": null,
            "tenant_ref": "https://192.168.110.79/api/tenant/admin",
            "tier1_lr": "t1-01",
            "use_service_port": "false",
            "use_service_ssl_mode": "false",
            "uuid": "pool-a944c98f-63f1-4397-95eb-489f04def599",
            "vrf_ref": "https://192.168.110.79/api/vrfcontext/vrfcontext-e9b2ac5c-e4cd-460d-ae22-bd8bbff03107"
          },
          "sensitive_attributes": [],
          "private": "bnVsbA==",
          "dependencies": [
            "module.avi.data.avi_cloud.cloud",
            "module.avi.data.avi_healthmonitor.http-healthmonitor",
            "module.avi.data.avi_tenant.tenant"
          ]
        }
      ]
    },
    {
      "module": "module.avi",
      "mode": "managed",
      "type": "avi_virtualservice",
      "name": "virutalservice",
      "provider": "module.avi.provider[\"registry.terraform.io/vmware/avi\"]",
      "instances": [
        {
          "schema_version": 0,
          "attributes": {
            "active_standby_se_tag": "ACTIVE_STANDBY_SE_1",
            "advertise_down_vs": "false",
            "allow_invalid_client_cert": "false",
            "analytics_policy": [
              {
                "all_headers": "",
                "client_insights": "",
                "client_insights_sampling": [],
                "client_log_filters": [],
                "full_client_logs": [
                  {
                    "duration": "",
                    "enabled": "false",
                    "throttle": ""
                  }
                ],
                "learning_log_policy": [],
                "metrics_realtime_update": [
                  {
                    "duration": "",
                    "enabled": "false"
                  }
                ],
                "significant_log_throttle": "",
                "udf_log_throttle": ""
              }
            ],
            "analytics_profile_ref": "https://192.168.110.79/api/analyticsprofile/analyticsprofile-ce7eb296-0d0c-406c-88dc-18119802bbbd",
            "application_profile_ref": "https://192.168.110.79/api/applicationprofile/applicationprofile-994585c6-5ecc-4069-a596-a74f6171b464",
            "azure_availability_set": null,
            "bgp_peer_labels": null,
            "bot_policy_ref": null,
            "bulk_sync_kvcache": "false",
            "close_client_conn_on_config_update": "false",
            "cloud_config_cksum": null,
            "cloud_ref": "https://192.168.110.79/api/cloud/cloud-e5b3a667-f625-48e6-9117-dba8a9d7faac",
            "cloud_type": "CLOUD_NSXT",
            "configpb_attributes": [],
            "connections_rate_limit": [],
            "content_rewrite": [],
            "created_by": null,
            "delay_fairness": "false",
            "description": null,
            "dns_info": [],
            "dns_policies": [],
            "east_west_placement": "false",
            "enable_autogw": "true",
            "enable_rhi": null,
            "enable_rhi_snat": null,
            "enabled": "true",
            "error_page_profile_ref": "https://192.168.110.79/api/errorpageprofile/errorpageprofile-a239940c-e58a-4d3d-bb05-c9da75c2664a",
            "flow_dist": "LOAD_AWARE",
            "flow_label_type": "NO_LABEL",
            "fqdn": null,
            "host_name_xlate": null,
            "http_policies": [],
            "icap_request_profile_refs": null,
            "id": "https://192.168.110.79/api/virtualservice/virtualservice-514d6a8d-f7af-46f7-a0a3-121a5204d28a",
            "ign_pool_net_reach": "false",
            "jwt_config": [],
            "l4_policies": [],
            "ldap_vs_config": [],
            "limit_doser": "false",
            "markers": [],
            "max_cps_per_client": "0",
            "microservice_ref": null,
            "min_pools_up": null,
            "name": "myvip",
            "network_profile_ref": "https://192.168.110.79/api/networkprofile/networkprofile-ec140acc-8002-42c7-a43e-78f3971592d5",
            "network_security_policy_ref": "https://192.168.110.79/api/networksecuritypolicy/networksecuritypolicy-4458f5b7-78c9-4426-b6a2-319bd0d80601",
            "nsx_securitygroup": null,
            "oauth_vs_config": [],
            "performance_limits": [],
            "pool_group_ref": null,
            "pool_ref": "https://192.168.110.79/api/pool/pool-a944c98f-63f1-4397-95eb-489f04def599",
            "remove_listening_port_on_vs_down": "false",
            "requests_rate_limit": [],
            "saml_sp_config": [],
            "scaleout_ecmp": "true",
            "se_group_ref": "https://192.168.110.79/api/serviceenginegroup/serviceenginegroup-e710a76a-9a65-4aed-af15-05ddf8ac5b09",
            "security_policy_ref": null,
            "server_network_profile_ref": null,
            "service_metadata": null,
            "service_pool_select": [],
            "services": [
              {
                "enable_http2": "false",
                "enable_ssl": "false",
                "horizon_internal_ports": "false",
                "is_active_ftp_data_port": "false",
                "override_application_profile_ref": "",
                "override_network_profile_ref": "",
                "port": "8080",
                "port_range_end": "0"
              }
            ],
            "sideband_profile": [],
            "snat_ip": [],
            "sp_pool_refs": null,
            "ssl_key_and_certificate_refs": null,
            "ssl_profile_ref": null,
            "ssl_profile_selectors": [],
            "ssl_sess_cache_avg_size": "1024",
            "sso_policy_ref": null,
            "static_dns_records": [],
            "tenant_ref": "https://192.168.110.79/api/tenant/admin",
            "test_se_datastore_level_1_ref": null,
            "topology_policies": [],
            "traffic_clone_profile_ref": null,
            "traffic_enabled": "true",
            "type": "VS_TYPE_NORMAL",
            "use_bridge_ip_as_vip": "false",
            "use_vip_as_snat": "false",
            "uuid": "virtualservice-514d6a8d-f7af-46f7-a0a3-121a5204d28a",
            "vh_domain_name": null,
            "vh_matches": [],
            "vh_parent_vs_ref": null,
            "vh_type": "VS_TYPE_VH_SNI",
            "vip": [],
            "vrf_context_ref": "https://192.168.110.79/api/vrfcontext/vrfcontext-e9b2ac5c-e4cd-460d-ae22-bd8bbff03107",
            "vs_datascripts": [],
            "vsvip_cloud_config_cksum": null,
            "vsvip_ref": "https://192.168.110.79/api/vsvip/vsvip-42e7c31b-0f57-4c04-9a59-182e11287334",
            "waf_policy_ref": null,
            "weight": "1"
          },
          "sensitive_attributes": [],
          "private": "bnVsbA==",
          "dependencies": [
            "module.avi.avi_pool.pool",
            "module.avi.avi_vsvip.vsvip",
            "module.avi.data.avi_applicationprofile.http_profile",
            "module.avi.data.avi_cloud.cloud",
            "module.avi.data.avi_healthmonitor.http-healthmonitor",
            "module.avi.data.avi_networkprofile.tcp_proxy",
            "module.avi.data.avi_serviceenginegroup.se_group",
            "module.avi.data.avi_tenant.tenant",
            "module.avi.data.avi_vrfcontext.vrf"
          ]
        }
      ]
    },
    {
      "module": "module.avi",
      "mode": "managed",
      "type": "avi_vsvip",
      "name": "vsvip",
      "provider": "module.avi.provider[\"registry.terraform.io/vmware/avi\"]",
      "instances": [
        {
          "schema_version": 0,
          "attributes": {
            "bgp_peer_labels": null,
            "cloud_ref": "https://192.168.110.79/api/cloud/cloud-e5b3a667-f625-48e6-9117-dba8a9d7faac",
            "configpb_attributes": [],
            "dns_info": [],
            "east_west_placement": "false",
            "id": "https://192.168.110.79/api/vsvip/vsvip-42e7c31b-0f57-4c04-9a59-182e11287334",
            "ipam_selector": [],
            "markers": [],
            "name": "myvip-vsvip",
            "tenant_ref": "https://192.168.110.79/api/tenant/admin",
            "tier1_lr": "t1-01",
            "use_standard_alb": null,
            "uuid": "vsvip-42e7c31b-0f57-4c04-9a59-182e11287334",
            "vip": [
              {
                "auto_allocate_floating_ip": "false",
                "auto_allocate_ip": "false",
                "auto_allocate_ip_type": "V4_ONLY",
                "availability_zone": "",
                "avi_allocated_fip": "false",
                "avi_allocated_vip": "false",
                "discovered_networks": [],
                "enabled": "true",
                "floating_ip": [],
                "floating_ip6": [],
                "floating_subnet6_uuid": "",
                "floating_subnet_uuid": "",
                "ip6_address": [],
                "ip_address": [
                  {
                    "addr": "172.16.12.204",
                    "type": "V4"
                  }
                ],
                "ipam_network_subnet": [],
                "network_ref": "",
                "placement_networks": [],
                "port_uuid": "",
                "prefix_length": "32",
                "subnet": [],
                "subnet6": [],
                "subnet6_uuid": "",
                "subnet_uuid": "",
                "vip_id": "0"
              }
            ],
            "vrf_context_ref": "https://192.168.110.79/api/vrfcontext/vrfcontext-e9b2ac5c-e4cd-460d-ae22-bd8bbff03107",
            "vsvip_cloud_config_cksum": null
          },
          "sensitive_attributes": [],
          "private": "bnVsbA==",
          "dependencies": [
            "module.avi.data.avi_cloud.cloud",
            "module.avi.data.avi_tenant.tenant"
          ]
        }
      ]
    },
    {
      "module": "module.nsxt",
      "mode": "data",
      "type": "nsxt_policy_vm",
      "name": "nsxt_vms",
      "provider": "module.nsxt.provider[\"registry.terraform.io/vmware/nsxt\"]",
      "instances": [
        {
          "index_key": 0,
          "schema_version": 0,
          "attributes": {
            "bios_id": "42038595-1552-f1fb-d913-3132864501f5",
            "description": "",
            "display_name": "centos7-01",
            "external_id": "50034945-77f0-f058-b62e-018c56cc3213",
            "id": "50034945-77f0-f058-b62e-018c56cc3213",
            "instance_id": "50034945-77f0-f058-b62e-018c56cc3213"
          },
          "sensitive_attributes": []
        },
        {
          "index_key": 1,
          "schema_version": 0,
          "attributes": {
            "bios_id": "4203c399-4169-47a6-b4c8-7323b9fc8212",
            "description": "",
            "display_name": "centos7-02",
            "external_id": "50031e3d-0c4a-d5b2-5994-a8f0d1f56295",
            "id": "50031e3d-0c4a-d5b2-5994-a8f0d1f56295",
            "instance_id": "50031e3d-0c4a-d5b2-5994-a8f0d1f56295"
          },
          "sensitive_attributes": []
        }
      ]
    },
    {
      "module": "module.nsxt",
      "mode": "managed",
      "type": "nsxt_policy_group",
      "name": "nsxt_sg",
      "provider": "module.nsxt.provider[\"registry.terraform.io/vmware/nsxt\"]",
      "instances": [
        {
          "schema_version": 0,
          "attributes": {
            "conjunction": [],
            "criteria": [
              {
                "condition": [
                  {
                    "key": "Tag",
                    "member_type": "VirtualMachine",
                    "operator": "EQUALS",
                    "value": "avi|myvip-pool"
                  }
                ],
                "external_id_expression": [],
                "ipaddress_expression": [],
                "macaddress_expression": [],
                "path_expression": []
              }
            ],
            "description": "",
            "display_name": "sg-myvip",
            "domain": "default",
            "extended_criteria": [],
            "id": "1d44bbfd-2d26-4912-9096-7fd00b1a6f1c",
            "nsx_id": "1d44bbfd-2d26-4912-9096-7fd00b1a6f1c",
            "path": "/infra/domains/default/groups/1d44bbfd-2d26-4912-9096-7fd00b1a6f1c",
            "revision": 1,
            "tag": []
          },
          "sensitive_attributes": [],
          "private": "bnVsbA==",
          "dependencies": [
            "module.avi.avi_pool.pool",
            "module.avi.avi_virtualservice.virutalservice",
            "module.avi.avi_vsvip.vsvip",
            "module.avi.data.avi_applicationprofile.http_profile",
            "module.avi.data.avi_cloud.cloud",
            "module.avi.data.avi_healthmonitor.http-healthmonitor",
            "module.avi.data.avi_networkprofile.tcp_proxy",
            "module.avi.data.avi_serviceenginegroup.se_group",
            "module.avi.data.avi_tenant.tenant",
            "module.avi.data.avi_vrfcontext.vrf"
          ]
        }
      ]
    },
    {
      "module": "module.nsxt",
      "mode": "managed",
      "type": "nsxt_policy_vm_tags",
      "name": "vm_tags",
      "provider": "module.nsxt.provider[\"registry.terraform.io/vmware/nsxt\"]",
      "instances": [
        {
          "index_key": 0,
          "schema_version": 0,
          "attributes": {
            "id": "50034945-77f0-f058-b62e-018c56cc3213",
            "instance_id": "50034945-77f0-f058-b62e-018c56cc3213",
            "port": [],
            "tag": [
              {
                "scope": "avi",
                "tag": "myvip-pool"
              }
            ]
          },
          "sensitive_attributes": [],
          "private": "bnVsbA==",
          "dependencies": [
            "module.avi.avi_pool.pool",
            "module.avi.avi_virtualservice.virutalservice",
            "module.avi.avi_vsvip.vsvip",
            "module.avi.data.avi_applicationprofile.http_profile",
            "module.avi.data.avi_cloud.cloud",
            "module.avi.data.avi_healthmonitor.http-healthmonitor",
            "module.avi.data.avi_networkprofile.tcp_proxy",
            "module.avi.data.avi_serviceenginegroup.se_group",
            "module.avi.data.avi_tenant.tenant",
            "module.avi.data.avi_vrfcontext.vrf",
            "module.nsxt.data.nsxt_policy_vm.nsxt_vms"
          ]
        },
        {
          "index_key": 1,
          "schema_version": 0,
          "attributes": {
            "id": "50031e3d-0c4a-d5b2-5994-a8f0d1f56295",
            "instance_id": "50031e3d-0c4a-d5b2-5994-a8f0d1f56295",
            "port": [],
            "tag": [
              {
                "scope": "avi",
                "tag": "myvip-pool"
              }
            ]
          },
          "sensitive_attributes": [],
          "private": "bnVsbA==",
          "dependencies": [
            "module.avi.avi_pool.pool",
            "module.avi.avi_virtualservice.virutalservice",
            "module.avi.avi_vsvip.vsvip",
            "module.avi.data.avi_applicationprofile.http_profile",
            "module.avi.data.avi_cloud.cloud",
            "module.avi.data.avi_healthmonitor.http-healthmonitor",
            "module.avi.data.avi_networkprofile.tcp_proxy",
            "module.avi.data.avi_serviceenginegroup.se_group",
            "module.avi.data.avi_tenant.tenant",
            "module.avi.data.avi_vrfcontext.vrf",
            "module.nsxt.data.nsxt_policy_vm.nsxt_vms"
          ]
        }
      ]
    }
  ],
  "check_results": []
}
